// !$*UTF8*$!
{
	archiveVersion = 1;
	classes = {
	};
	objectVersion = 46;
	objects = {

/* Begin PBXBuildFile section */
		29040EA01CA10B8B006C7913 /* main.m in Sources */ = {isa = PBXBuildFile; fileRef = 29040E9F1CA10B8B006C7913 /* main.m */; };
		29040EA31CA10B8B006C7913 /* AppDelegate.m in Sources */ = {isa = PBXBuildFile; fileRef = 29040EA21CA10B8B006C7913 /* AppDelegate.m */; };
		29040EA61CA10B8B006C7913 /* ViewController.m in Sources */ = {isa = PBXBuildFile; fileRef = 29040EA51CA10B8B006C7913 /* ViewController.m */; };
		29040EA91CA10B8B006C7913 /* Main.storyboard in Resources */ = {isa = PBXBuildFile; fileRef = 29040EA71CA10B8B006C7913 /* Main.storyboard */; };
		29040EAB1CA10B8B006C7913 /* Assets.xcassets in Resources */ = {isa = PBXBuildFile; fileRef = 29040EAA1CA10B8B006C7913 /* Assets.xcassets */; };
		29040EAE1CA10B8B006C7913 /* LaunchScreen.storyboard in Resources */ = {isa = PBXBuildFile; fileRef = 29040EAC1CA10B8B006C7913 /* LaunchScreen.storyboard */; };
/* End PBXBuildFile section */

/* Begin PBXFileReference section */
		29040E9B1CA10B8B006C7913 /* FizzBuzzTest.app */ = {isa = PBXFileReference; explicitFileType = wrapper.application; includeInIndex = 0; path = FizzBuzzTest.app; sourceTree = BUILT_PRODUCTS_DIR; };
		29040E9F1CA10B8B006C7913 /* main.m */ = {isa = PBXFileReference; lastKnownFileType = sourcecode.c.objc; path = main.m; sourceTree = "<group>"; };
		29040EA11CA10B8B006C7913 /* AppDelegate.h */ = {isa = PBXFileReference; lastKnownFileType = sourcecode.c.h; path = AppDelegate.h; sourceTree = "<group>"; };
		29040EA21CA10B8B006C7913 /* AppDelegate.m */ = {isa = PBXFileReference; lastKnownFileType = sourcecode.c.objc; path = AppDelegate.m; sourceTree = "<group>"; };
		29040EA41CA10B8B006C7913 /* ViewController.h */ = {isa = PBXFileReference; lastKnownFileType = sourcecode.c.h; path = ViewController.h; sourceTree = "<group>"; };
		29040EA51CA10B8B006C7913 /* ViewController.m */ = {isa = PBXFileReference; lastKnownFileType = sourcecode.c.objc; path = ViewController.m; sourceTree = "<group>"; };
		29040EA81CA10B8B006C7913 /* Base */ = {isa = PBXFileReference; lastKnownFileType = file.storyboard; name = Base; path = Base.lproj/Main.storyboard; sourceTree = "<group>"; };
		29040EAA1CA10B8B006C7913 /* Assets.xcassets */ = {isa = PBXFileReference; lastKnownFileType = folder.assetcatalog; path = Assets.xcassets; sourceTree = "<group>"; };
		29040EAD1CA10B8B006C7913 /* Base */ = {isa = PBXFileReference; lastKnownFileType = file.storyboard; name = Base; path = Base.lproj/LaunchScreen.storyboard; sourceTree = "<group>"; };
		29040EAF1CA10B8B006C7913 /* Info.plist */ = {isa = PBXFileReference; lastKnownFileType = text.plist.xml; path = Info.plist; sourceTree = "<group>"; };
/* End PBXFileReference section */

/* Begin PBXFrameworksBuildPhase section */
		29040E981CA10B8B006C7913 /* Frameworks */ = {
			isa = PBXFrameworksBuildPhase;
			buildActionMask = 2147483647;
			files = (
			);
			runOnlyForDeploymentPostprocessing = 0;
		};
/* End PBXFrameworksBuildPhase section */

/* Begin PBXGroup section */
		29040E921CA10B8B006C7913 = {
			isa = PBXGroup;
			children = (
				29040E9D1CA10B8B006C7913 /* FizzBuzzTest */,
				29040E9C1CA10B8B006C7913 /* Products */,
			);
			sourceTree = "<group>";
		};
		29040E9C1CA10B8B006C7913 /* Products */ = {
			isa = PBXGroup;
			children = (
				29040E9B1CA10B8B006C7913 /* FizzBuzzTest.app */,
			);
			name = Products;
			sourceTree = "<group>";
		};
		29040E9D1CA10B8B006C7913 /* FizzBuzzTest */ = {
			isa = PBXGroup;
			children = (
				29040EA11CA10B8B006C7913 /* AppDelegate.h */,
				29040EA21CA10B8B006C7913 /* AppDelegate.m */,
				29040EA41CA10B8B006C7913 /* ViewController.h */,
				29040EA51CA10B8B006C7913 /* ViewController.m */,
				29040EA71CA10B8B006C7913 /* Main.storyboard */,
				29040EAA1CA10B8B006C7913 /* Assets.xcassets */,
				29040EAC1CA10B8B006C7913 /* LaunchScreen.storyboard */,
				29040EAF1CA10B8B006C7913 /* Info.plist */,
				29040E9E1CA10B8B006C7913 /* Supporting Files */,
			);
			path = FizzBuzzTest;
			sourceTree = "<group>";
		};
		29040E9E1CA10B8B006C7913 /* Supporting Files */ = {
			isa = PBXGroup;
			children = (
				29040E9F1CA10B8B006C7913 /* main.m */,
			);
			name = "Supporting Files";
			sourceTree = "<group>";
		};
/* End PBXGroup section */

/* Begin PBXNativeTarget section */
		29040E9A1CA10B8B006C7913 /* FizzBuzzTest */ = {
			isa = PBXNativeTarget;
			buildConfigurationList = 29040EB21CA10B8B006C7913 /* Build configuration list for PBXNativeTarget "FizzBuzzTest" */;
			buildPhases = (
				29040E971CA10B8B006C7913 /* Sources */,
				29040E981CA10B8B006C7913 /* Frameworks */,
				29040E991CA10B8B006C7913 /* Resources */,
			);
			buildRules = (
			);
			dependencies = (
			);
			name = FizzBuzzTest;
			productName = FizzBuzzTest;
			productReference = 29040E9B1CA10B8B006C7913 /* FizzBuzzTest.app */;
			productType = "com.apple.product-type.application";
		};
/* End PBXNativeTarget section */

/* Begin PBXProject section */
		29040E931CA10B8B006C7913 /* Project object */ = {
			isa = PBXProject;
			attributes = {
				LastUpgradeCheck = 0720;
				ORGANIZATIONNAME = "Deval Chauhan";
				TargetAttributes = {
					29040E9A1CA10B8B006C7913 = {
						CreatedOnToolsVersion = 7.2.1;
					};
				};
			};
			buildConfigurationList = 29040E961CA10B8B006C7913 /* Build configuration list for PBXProject "FizzBuzzTest" */;
			compatibilityVersion = "Xcode 3.2";
			developmentRegion = English;
			hasScannedForEncodings = 0;
			knownRegions = (
				en,
				Base,
			);
			mainGroup = 29040E921CA10B8B006C7913;
			productRefGroup = 29040E9C1CA10B8B006C7913 /* Products */;
			projectDirPath = "";
			projectRoot = "";
			targets = (
				29040E9A1CA10B8B006C7913 /* FizzBuzzTest */,
			);
		};
/* End PBXProject section */

/* Begin PBXResourcesBuildPhase section */
		29040E991CA10B8B006C7913 /* Resources */ = {
			isa = PBXResourcesBuildPhase;
			buildActionMask = 2147483647;
			files = (
				29040EAE1CA10B8B006C7913 /* LaunchScreen.storyboard in Resources */,
				29040EAB1CA10B8B006C7913 /* Assets.xcassets in Resources */,
				29040EA91CA10B8B006C7913 /* Main.storyboard in Resources */,
			);
			runOnlyForDeploymentPostprocessing = 0;
		};
/* End PBXResourcesBuildPhase section */

/* Begin PBXSourcesBuildPhase section */
		29040E971CA10B8B006C7913 /* Sources */ = {
			isa = PBXSourcesBuildPhase;
			buildActionMask = 2147483647;
			files = (
				29040EA61CA10B8B006C7913 /* ViewController.m in Sources */,
				29040EA31CA10B8B006C7913 /* AppDelegate.m in Sources */,
				29040EA01CA10B8B006C7913 /* main.m in Sources */,
			);
			runOnlyForDeploymentPostprocessing = 0;
		};
/* End PBXSourcesBuildPhase section */

/* Begin PBXVariantGroup section */
		29040EA71CA10B8B006C7913 /* Main.storyboard */ = {
			isa = PBXVariantGroup;
			children = (
				29040EA81CA10B8B006C7913 /* Base */,
			);
			name = Main.storyboard;
			sourceTree = "<group>";
		};
		29040EAC1CA10B8B006C7913 /* LaunchScreen.storyboard */ = {
			isa = PBXVariantGroup;
			children = (
				29040EAD1CA10B8B006C7913 /* Base */,
			);
			name = LaunchScreen.storyboard;
			sourceTree = "<group>";
		};
/* End PBXVariantGroup section */

/* Begin XCBuildConfiguration section */
		29040EB01CA10B8B006C7913 /* Debug */ = {
			isa = XCBuildConfiguration;
			buildSettings = {
				ALWAYS_SEARCH_USER_PATHS = NO;
				CLANG_CXX_LANGUAGE_STANDARD = "gnu++0x";
				CLANG_CXX_LIBRARY = "libc++";
				CLANG_ENABLE_MODULES = YES;
				CLANG_ENABLE_OBJC_ARC = YES;
				CLANG_WARN_BOOL_CONVERSION = YES;
				CLANG_WARN_CONSTANT_CONVERSION = YES;
				CLANG_WARN_DIRECT_OBJC_ISA_USAGE = YES_ERROR;
				CLANG_WARN_EMPTY_BODY = YES;
				CLANG_WARN_ENUM_CONVERSION = YES;
				CLANG_WARN_INT_CONVERSION = YES;
				CLANG_WARN_OBJC_ROOT_CLASS = YES_ERROR;
				CLANG_WARN_UNREACHABLE_CODE = YES;
				CLANG_WARN__DUPLICATE_METHOD_MATCH = YES;
				"CODE_SIGN_IDENTITY[sdk=iphoneos*]" = "iPhone Developer";
				COPY_PHASE_STRIP = NO;
				DEBUG_INFORMATION_FORMAT = dwarf;
				ENABLE_STRICT_OBJC_MSGSEND = YES;
				ENABLE_TESTABILITY = YES;
				GCC_C_LANGUAGE_STANDARD = gnu99;
				GCC_DYNAMIC_NO_PIC = NO;
				GCC_NO_COMMON_BLOCKS = YES;
				GCC_OPTIMIZATION_LEVEL = 0;
				GCC_PREPROCESSOR_DEFINITIONS = (
					"DEBUG=1",
					"$(inherited)",
				);
				GCC_WARN_64_TO_32_BIT_CONVERSION = YES;
				GCC_WARN_ABOUT_RETURN_TYPE = YES_ERROR;
				GCC_WARN_UNDECLARED_SELECTOR = YES;
				GCC_WARN_UNINITIALIZED_AUTOS = YES_AGGRESSIVE;
				GCC_WARN_UNUSED_FUNCTION = YES;
				GCC_WARN_UNUSED_VARIABLE = YES;
				IPHONEOS_DEPLOYMENT_TARGET = 7.0;
				MTL_ENABLE_DEBUG_INFO = YES;
				ONLY_ACTIVE_ARCH = YES;
				SDKROOT = iphoneos;
			};
			name = Debug;
		};
		29040EB11CA10B8B006C7913 /* Release */ = {
			isa = XCBuildConfiguration;
			buildSettings = {
				ALWAYS_SEARCH_USER_PATHS = NO;
				CLANG_CXX_LANGUAGE_STANDARD = "gnu++0x";
				CLANG_CXX_LIBRARY = "libc++";
				CLANG_ENABLE_MODULES = YES;
				CLANG_ENABLE_OBJC_ARC = YES;
				CLANG_WARN_BOOL_CONVERSION = YES;
				CLANG_WARN_CONSTANT_CONVERSION = YES;
				CLANG_WARN_DIRECT_OBJC_ISA_USAGE = YES_ERROR;
				CLANG_WARN_EMPTY_BODY = YES;
				CLANG_WARN_ENUM_CONVERSION = YES;
				CLANG_WARN_INT_CONVERSION = YES;
				CLANG_WARN_OBJC_ROOT_CLASS = YES_ERROR;
				CLANG_WARN_UNREACHABLE_CODE = YES;
				CLANG_WARN__DUPLICATE_METHOD_MATCH = YES;
				"CODE_SIGN_IDENTITY[sdk=iphoneos*]" = "iPhone Developer";
				COPY_PHASE_STRIP = NO;
				DEBUG_INFORMATION_FORMAT = "dwarf-with-dsym";
				ENABLE_NS_ASSERTIONS = NO;
				ENABLE_STRICT_OBJC_MSGSEND = YES;
				GCC_C_LANGUAGE_STANDARD = gnu99;
				GCC_NO_COMMON_BLOCKS = YES;
				GCC_WARN_64_TO_32_BIT_CONVERSION = YES;
				GCC_WARN_ABOUT_RETURN_TYPE = YES_ERROR;
				GCC_WARN_UNDECLARED_SELECTOR = YES;
				GCC_WARN_UNINITIALIZED_AUTOS = YES_AGGRESSIVE;
				GCC_WARN_UNUSED_FUNCTION = YES;
				GCC_WARN_UNUSED_VARIABLE = YES;
				IPHONEOS_DEPLOYMENT_TARGET = 7.0;
				MTL_ENABLE_DEBUG_INFO = NO;
				SDKROOT = iphoneos;
				VALIDATE_PRODUCT = YES;
			};
			name = Release;
		};
		29040EB31CA10B8B006C7913 /* Debug */ = {
			isa = XCBuildConfiguration;
			buildSettings = {
				ASSETCATALOG_COMPILER_APPICON_NAME = AppIcon;
				INFOPLIST_FILE = FizzBuzzTest/Info.plist;
				IPHONEOS_DEPLOYMENT_TARGET = 7.0;
				LD_RUNPATH_SEARCH_PATHS = "$(inherited) @executable_path/Frameworks";
				PRODUCT_BUNDLE_IDENTIFIER = ae.gov.dha.FizzBuzzTest;
				PRODUCT_NAME = "$(TARGET_NAME)";
			};
			name = Debug;
		};
		29040EB41CA10B8B006C7913 /* Release */ = {
			isa = XCBuildConfiguration;
			buildSettings = {
				ASSETCATALOG_COMPILER_APPICON_NAME = AppIcon;
				INFOPLIST_FILE = FizzBuzzTest/Info.plist;
				IPHONEOS_DEPLOYMENT_TARGET = 7.0;
				LD_RUNPATH_SEARCH_PATHS = "$(inherited) @executable_path/Frameworks";
				PRODUCT_BUNDLE_IDENTIFIER = ae.gov.dha.FizzBuzzTest;
				PRODUCT_NAME = "$(TARGET_NAME)";
			};
			name = Release;
		};
/* End XCBuildConfiguration section */

/* Begin XCConfigurationList section */
		29040E961CA10B8B006C7913 /* Build configuration list for PBXProject "FizzBuzzTest" */ = {
			isa = XCConfigurationList;
			buildConfigurations = (
				29040EB01CA10B8B006C7913 /* Debug */,
				29040EB11CA10B8B006C7913 /* Release */,
			);
			defaultConfigurationIsVisible = 0;
			defaultConfigurationName = Release;
		};
		29040EB21CA10B8B006C7913 /* Build configuration list for PBXNativeTarget "FizzBuzzTest" */ = {
			isa = XCConfigurationList;
			buildConfigurations = (
				29040EB31CA10B8B006C7913 /* Debug */,
				29040EB41CA10B8B006C7913 /* Release */,
			);
			defaultConfigurationIsVisible = 0;
		};
/* End XCConfigurationList section */
	};
	rootObject = 29040E931CA10B8B006C7913 /* Project object */;
}
